// !$*UTF8*$!
{
	archiveVersion = 1;
	classes = {
	};
	objectVersion = 48;
	objects = {

/* Begin PBXBuildFile section */
		D40376E2205277E9005E9E98 /* AppDelegate.m in Sources */ = {isa = PBXBuildFile; fileRef = D40376E1205277E9005E9E98 /* AppDelegate.m */; };
		D40376E5205277E9005E9E98 /* ViewController.m in Sources */ = {isa = PBXBuildFile; fileRef = D40376E4205277E9005E9E98 /* ViewController.m */; };
		D40376E8205277E9005E9E98 /* Main.storyboard in Resources */ = {isa = PBXBuildFile; fileRef = D40376E6205277E9005E9E98 /* Main.storyboard */; };
		D40376EA205277E9005E9E98 /* Assets.xcassets in Resources */ = {isa = PBXBuildFile; fileRef = D40376E9205277E9005E9E98 /* Assets.xcassets */; };
		D40376ED205277E9005E9E98 /* LaunchScreen.storyboard in Resources */ = {isa = PBXBuildFile; fileRef = D40376EB205277E9005E9E98 /* LaunchScreen.storyboard */; };
		D40376F0205277E9005E9E98 /* main.m in Sources */ = {isa = PBXBuildFile; fileRef = D40376EF205277E9005E9E98 /* main.m */; };
		D406FAB921606CB700D171E5 /* UIView+FYCategory.m in Sources */ = {isa = PBXBuildFile; fileRef = D406FAB821606CB700D171E5 /* UIView+FYCategory.m */; };
		D406FABC21607A3D00D171E5 /* UIApplication+FYCategory.m in Sources */ = {isa = PBXBuildFile; fileRef = D406FABB21607A3D00D171E5 /* UIApplication+FYCategory.m */; };
		D4089580216C47D800FFE180 /* NSTimer+FYCategory.m in Sources */ = {isa = PBXBuildFile; fileRef = D408957F216C47D800FFE180 /* NSTimer+FYCategory.m */; };
		D4089583216C4B5900FFE180 /* UIScrollView+FYCategory.m in Sources */ = {isa = PBXBuildFile; fileRef = D4089582216C4B5900FFE180 /* UIScrollView+FYCategory.m */; };
		D4089586216C4CF000FFE180 /* UIDevice+FYCategory.m in Sources */ = {isa = PBXBuildFile; fileRef = D4089585216C4CF000FFE180 /* UIDevice+FYCategory.m */; };
		D4089589216C9F2E00FFE180 /* NSObject+FYCategory.m in Sources */ = {isa = PBXBuildFile; fileRef = D4089588216C9F2E00FFE180 /* NSObject+FYCategory.m */; };
		D408958C216CA08A00FFE180 /* NSNumber+FYCategory.m in Sources */ = {isa = PBXBuildFile; fileRef = D408958B216CA08A00FFE180 /* NSNumber+FYCategory.m */; };
		D408958F216CA50100FFE180 /* NSArray+FYCategory.m in Sources */ = {isa = PBXBuildFile; fileRef = D408958E216CA50100FFE180 /* NSArray+FYCategory.m */; };
		D4089592216CAA3B00FFE180 /* NSDictionary+FYCategory.m in Sources */ = {isa = PBXBuildFile; fileRef = D4089591216CAA3B00FFE180 /* NSDictionary+FYCategory.m */; };
		D4089595216D925000FFE180 /* UIColor+FYCategory.m in Sources */ = {isa = PBXBuildFile; fileRef = D4089594216D925000FFE180 /* UIColor+FYCategory.m */; };
		D4089599216D9DA600FFE180 /* FYReachability.m in Sources */ = {isa = PBXBuildFile; fileRef = D4089598216D9DA500FFE180 /* FYReachability.m */; };
		D408959C216DA19B00FFE180 /* SystemConfiguration.framework in Frameworks */ = {isa = PBXBuildFile; fileRef = D408959B216DA19B00FFE180 /* SystemConfiguration.framework */; };
		D44A513020941A4700408B4F /* UIImage+FYCategory.m in Sources */ = {isa = PBXBuildFile; fileRef = D44A512620941A4700408B4F /* UIImage+FYCategory.m */; };
		D44A513120941A4700408B4F /* UINavigationController+FYCategory.m in Sources */ = {isa = PBXBuildFile; fileRef = D44A512820941A4700408B4F /* UINavigationController+FYCategory.m */; };
		D44A513220941A4700408B4F /* NSString+FYCategory.m in Sources */ = {isa = PBXBuildFile; fileRef = D44A512B20941A4700408B4F /* NSString+FYCategory.m */; };
		D44A513320941A4700408B4F /* NSData+FYCategory.m in Sources */ = {isa = PBXBuildFile; fileRef = D44A512C20941A4700408B4F /* NSData+FYCategory.m */; };
		D44A513420941A4700408B4F /* NSDate+FYCategory.m in Sources */ = {isa = PBXBuildFile; fileRef = D44A512D20941A4700408B4F /* NSDate+FYCategory.m */; };
/* End PBXBuildFile section */

/* Begin PBXFileReference section */
		D40376DD205277E9005E9E98 /* FYCategorys.app */ = {isa = PBXFileReference; explicitFileType = wrapper.application; includeInIndex = 0; path = FYCategorys.app; sourceTree = BUILT_PRODUCTS_DIR; };
		D40376E0205277E9005E9E98 /* AppDelegate.h */ = {isa = PBXFileReference; lastKnownFileType = sourcecode.c.h; path = AppDelegate.h; sourceTree = "<group>"; };
		D40376E1205277E9005E9E98 /* AppDelegate.m */ = {isa = PBXFileReference; lastKnownFileType = sourcecode.c.objc; path = AppDelegate.m; sourceTree = "<group>"; };
		D40376E3205277E9005E9E98 /* ViewController.h */ = {isa = PBXFileReference; lastKnownFileType = sourcecode.c.h; path = ViewController.h; sourceTree = "<group>"; };
		D40376E4205277E9005E9E98 /* ViewController.m */ = {isa = PBXFileReference; lastKnownFileType = sourcecode.c.objc; path = ViewController.m; sourceTree = "<group>"; };
		D40376E7205277E9005E9E98 /* Base */ = {isa = PBXFileReference; lastKnownFileType = file.storyboard; name = Base; path = Base.lproj/Main.storyboard; sourceTree = "<group>"; };
		D40376E9205277E9005E9E98 /* Assets.xcassets */ = {isa = PBXFileReference; lastKnownFileType = folder.assetcatalog; path = Assets.xcassets; sourceTree = "<group>"; };
		D40376EC205277E9005E9E98 /* Base */ = {isa = PBXFileReference; lastKnownFileType = file.storyboard; name = Base; path = Base.lproj/LaunchScreen.storyboard; sourceTree = "<group>"; };
		D40376EE205277E9005E9E98 /* Info.plist */ = {isa = PBXFileReference; lastKnownFileType = text.plist.xml; path = Info.plist; sourceTree = "<group>"; };
		D40376EF205277E9005E9E98 /* main.m */ = {isa = PBXFileReference; lastKnownFileType = sourcecode.c.objc; path = main.m; sourceTree = "<group>"; };
		D406FAB721606CB700D171E5 /* UIView+FYCategory.h */ = {isa = PBXFileReference; lastKnownFileType = sourcecode.c.h; path = "UIView+FYCategory.h"; sourceTree = "<group>"; };
		D406FAB821606CB700D171E5 /* UIView+FYCategory.m */ = {isa = PBXFileReference; lastKnownFileType = sourcecode.c.objc; path = "UIView+FYCategory.m"; sourceTree = "<group>"; };
		D406FABA21607A3D00D171E5 /* UIApplication+FYCategory.h */ = {isa = PBXFileReference; lastKnownFileType = sourcecode.c.h; path = "UIApplication+FYCategory.h"; sourceTree = "<group>"; };
		D406FABB21607A3D00D171E5 /* UIApplication+FYCategory.m */ = {isa = PBXFileReference; lastKnownFileType = sourcecode.c.objc; path = "UIApplication+FYCategory.m"; sourceTree = "<group>"; };
		D408957E216C47D800FFE180 /* NSTimer+FYCategory.h */ = {isa = PBXFileReference; lastKnownFileType = sourcecode.c.h; path = "NSTimer+FYCategory.h"; sourceTree = "<group>"; };
		D408957F216C47D800FFE180 /* NSTimer+FYCategory.m */ = {isa = PBXFileReference; lastKnownFileType = sourcecode.c.objc; path = "NSTimer+FYCategory.m"; sourceTree = "<group>"; };
		D4089581216C4B5900FFE180 /* UIScrollView+FYCategory.h */ = {isa = PBXFileReference; lastKnownFileType = sourcecode.c.h; path = "UIScrollView+FYCategory.h"; sourceTree = "<group>"; };
		D4089582216C4B5900FFE180 /* UIScrollView+FYCategory.m */ = {isa = PBXFileReference; lastKnownFileType = sourcecode.c.objc; path = "UIScrollView+FYCategory.m"; sourceTree = "<group>"; };
		D4089584216C4CF000FFE180 /* UIDevice+FYCategory.h */ = {isa = PBXFileReference; lastKnownFileType = sourcecode.c.h; path = "UIDevice+FYCategory.h"; sourceTree = "<group>"; };
		D4089585216C4CF000FFE180 /* UIDevice+FYCategory.m */ = {isa = PBXFileReference; lastKnownFileType = sourcecode.c.objc; path = "UIDevice+FYCategory.m"; sourceTree = "<group>"; };
		D4089587216C9F2E00FFE180 /* NSObject+FYCategory.h */ = {isa = PBXFileReference; lastKnownFileType = sourcecode.c.h; path = "NSObject+FYCategory.h"; sourceTree = "<group>"; };
		D4089588216C9F2E00FFE180 /* NSObject+FYCategory.m */ = {isa = PBXFileReference; lastKnownFileType = sourcecode.c.objc; path = "NSObject+FYCategory.m"; sourceTree = "<group>"; };
		D408958A216CA08A00FFE180 /* NSNumber+FYCategory.h */ = {isa = PBXFileReference; lastKnownFileType = sourcecode.c.h; path = "NSNumber+FYCategory.h"; sourceTree = "<group>"; };
		D408958B216CA08A00FFE180 /* NSNumber+FYCategory.m */ = {isa = PBXFileReference; lastKnownFileType = sourcecode.c.objc; path = "NSNumber+FYCategory.m"; sourceTree = "<group>"; };
		D408958D216CA50100FFE180 /* NSArray+FYCategory.h */ = {isa = PBXFileReference; lastKnownFileType = sourcecode.c.h; path = "NSArray+FYCategory.h"; sourceTree = "<group>"; };
		D408958E216CA50100FFE180 /* NSArray+FYCategory.m */ = {isa = PBXFileReference; lastKnownFileType = sourcecode.c.objc; path = "NSArray+FYCategory.m"; sourceTree = "<group>"; };
		D4089590216CAA3B00FFE180 /* NSDictionary+FYCategory.h */ = {isa = PBXFileReference; lastKnownFileType = sourcecode.c.h; path = "NSDictionary+FYCategory.h"; sourceTree = "<group>"; };
		D4089591216CAA3B00FFE180 /* NSDictionary+FYCategory.m */ = {isa = PBXFileReference; lastKnownFileType = sourcecode.c.objc; path = "NSDictionary+FYCategory.m"; sourceTree = "<group>"; };
		D4089593216D925000FFE180 /* UIColor+FYCategory.h */ = {isa = PBXFileReference; lastKnownFileType = sourcecode.c.h; path = "UIColor+FYCategory.h"; sourceTree = "<group>"; };
		D4089594216D925000FFE180 /* UIColor+FYCategory.m */ = {isa = PBXFileReference; lastKnownFileType = sourcecode.c.objc; path = "UIColor+FYCategory.m"; sourceTree = "<group>"; };
		D4089597216D9DA500FFE180 /* FYReachability.h */ = {isa = PBXFileReference; fileEncoding = 4; lastKnownFileType = sourcecode.c.h; path = FYReachability.h; sourceTree = "<group>"; };
		D4089598216D9DA500FFE180 /* FYReachability.m */ = {isa = PBXFileReference; fileEncoding = 4; lastKnownFileType = sourcecode.c.objc; path = FYReachability.m; sourceTree = "<group>"; };
		D408959B216DA19B00FFE180 /* SystemConfiguration.framework */ = {isa = PBXFileReference; lastKnownFileType = wrapper.framework; name = SystemConfiguration.framework; path = System/Library/Frameworks/SystemConfiguration.framework; sourceTree = SDKROOT; };
		D44A512520941A4700408B4F /* UINavigationController+FYCategory.h */ = {isa = PBXFileReference; fileEncoding = 4; lastKnownFileType = sourcecode.c.h; path = "UINavigationController+FYCategory.h"; sourceTree = "<group>"; };
		D44A512620941A4700408B4F /* UIImage+FYCategory.m */ = {isa = PBXFileReference; fileEncoding = 4; lastKnownFileType = sourcecode.c.objc; path = "UIImage+FYCategory.m"; sourceTree = "<group>"; };
		D44A512720941A4700408B4F /* UIImage+FYCategory.h */ = {isa = PBXFileReference; fileEncoding = 4; lastKnownFileType = sourcecode.c.h; path = "UIImage+FYCategory.h"; sourceTree = "<group>"; };
		D44A512820941A4700408B4F /* UINavigationController+FYCategory.m */ = {isa = PBXFileReference; fileEncoding = 4; lastKnownFileType = sourcecode.c.objc; path = "UINavigationController+FYCategory.m"; sourceTree = "<group>"; };
		D44A512A20941A4700408B4F /* NSDate+FYCategory.h */ = {isa = PBXFileReference; fileEncoding = 4; lastKnownFileType = sourcecode.c.h; path = "NSDate+FYCategory.h"; sourceTree = "<group>"; };
		D44A512B20941A4700408B4F /* NSString+FYCategory.m */ = {isa = PBXFileReference; fileEncoding = 4; lastKnownFileType = sourcecode.c.objc; path = "NSString+FYCategory.m"; sourceTree = "<group>"; };
		D44A512C20941A4700408B4F /* NSData+FYCategory.m */ = {isa = PBXFileReference; fileEncoding = 4; lastKnownFileType = sourcecode.c.objc; path = "NSData+FYCategory.m"; sourceTree = "<group>"; };
		D44A512D20941A4700408B4F /* NSDate+FYCategory.m */ = {isa = PBXFileReference; fileEncoding = 4; lastKnownFileType = sourcecode.c.objc; path = "NSDate+FYCategory.m"; sourceTree = "<group>"; };
		D44A512E20941A4700408B4F /* NSString+FYCategory.h */ = {isa = PBXFileReference; fileEncoding = 4; lastKnownFileType = sourcecode.c.h; path = "NSString+FYCategory.h"; sourceTree = "<group>"; };
		D44A512F20941A4700408B4F /* NSData+FYCategory.h */ = {isa = PBXFileReference; fileEncoding = 4; lastKnownFileType = sourcecode.c.h; path = "NSData+FYCategory.h"; sourceTree = "<group>"; };
/* End PBXFileReference section */

/* Begin PBXFrameworksBuildPhase section */
		D40376DA205277E9005E9E98 /* Frameworks */ = {
			isa = PBXFrameworksBuildPhase;
			buildActionMask = 2147483647;
			files = (
				D408959C216DA19B00FFE180 /* SystemConfiguration.framework in Frameworks */,
			);
			runOnlyForDeploymentPostprocessing = 0;
		};
/* End PBXFrameworksBuildPhase section */

/* Begin PBXGroup section */
		D40376D4205277E9005E9E98 = {
			isa = PBXGroup;
			children = (
				D40376DF205277E9005E9E98 /* FYCategorys */,
				D40376DE205277E9005E9E98 /* Products */,
				D408959A216DA19B00FFE180 /* Frameworks */,
			);
			sourceTree = "<group>";
		};
		D40376DE205277E9005E9E98 /* Products */ = {
			isa = PBXGroup;
			children = (
				D40376DD205277E9005E9E98 /* FYCategorys.app */,
			);
			name = Products;
			sourceTree = "<group>";
		};
		D40376DF205277E9005E9E98 /* FYCategorys */ = {
			isa = PBXGroup;
			children = (
				D4089596216D9D8200FFE180 /* FYUtility */,
				D403770A20527826005E9E98 /* Categorys */,
				D40376E0205277E9005E9E98 /* AppDelegate.h */,
				D40376E1205277E9005E9E98 /* AppDelegate.m */,
				D40376E3205277E9005E9E98 /* ViewController.h */,
				D40376E4205277E9005E9E98 /* ViewController.m */,
				D40376E6205277E9005E9E98 /* Main.storyboard */,
				D40376E9205277E9005E9E98 /* Assets.xcassets */,
				D40376EB205277E9005E9E98 /* LaunchScreen.storyboard */,
				D40376EE205277E9005E9E98 /* Info.plist */,
				D40376EF205277E9005E9E98 /* main.m */,
			);
			path = FYCategorys;
			sourceTree = "<group>";
		};
		D403770A20527826005E9E98 /* Categorys */ = {
			isa = PBXGroup;
			children = (
				D44A512920941A4700408B4F /* Foundation_Category */,
				D44A512420941A4700408B4F /* UIKit_Category */,
			);
			path = Categorys;
			sourceTree = "<group>";
		};
		D4089596216D9D8200FFE180 /* FYUtility */ = {
			isa = PBXGroup;
			children = (
				D4089597216D9DA500FFE180 /* FYReachability.h */,
				D4089598216D9DA500FFE180 /* FYReachability.m */,
			);
			path = FYUtility;
			sourceTree = SOURCE_ROOT;
		};
		D408959A216DA19B00FFE180 /* Frameworks */ = {
			isa = PBXGroup;
			children = (
				D408959B216DA19B00FFE180 /* SystemConfiguration.framework */,
			);
			name = Frameworks;
			sourceTree = "<group>";
		};
		D44A512420941A4700408B4F /* UIKit_Category */ = {
			isa = PBXGroup;
			children = (
				D406FAB721606CB700D171E5 /* UIView+FYCategory.h */,
				D406FAB821606CB700D171E5 /* UIView+FYCategory.m */,
				D4089581216C4B5900FFE180 /* UIScrollView+FYCategory.h */,
				D4089582216C4B5900FFE180 /* UIScrollView+FYCategory.m */,
				D44A512720941A4700408B4F /* UIImage+FYCategory.h */,
				D44A512620941A4700408B4F /* UIImage+FYCategory.m */,
				D44A512520941A4700408B4F /* UINavigationController+FYCategory.h */,
				D44A512820941A4700408B4F /* UINavigationController+FYCategory.m */,
				D406FABA21607A3D00D171E5 /* UIApplication+FYCategory.h */,
				D406FABB21607A3D00D171E5 /* UIApplication+FYCategory.m */,
				D4089584216C4CF000FFE180 /* UIDevice+FYCategory.h */,
				D4089585216C4CF000FFE180 /* UIDevice+FYCategory.m */,
				D4089593216D925000FFE180 /* UIColor+FYCategory.h */,
				D4089594216D925000FFE180 /* UIColor+FYCategory.m */,
			);
			path = UIKit_Category;
			sourceTree = "<group>";
		};
		D44A512920941A4700408B4F /* Foundation_Category */ = {
			isa = PBXGroup;
			children = (
				D4089587216C9F2E00FFE180 /* NSObject+FYCategory.h */,
				D4089588216C9F2E00FFE180 /* NSObject+FYCategory.m */,
				D44A512F20941A4700408B4F /* NSData+FYCategory.h */,
				D44A512C20941A4700408B4F /* NSData+FYCategory.m */,
				D44A512A20941A4700408B4F /* NSDate+FYCategory.h */,
				D44A512D20941A4700408B4F /* NSDate+FYCategory.m */,
				D44A512E20941A4700408B4F /* NSString+FYCategory.h */,
				D44A512B20941A4700408B4F /* NSString+FYCategory.m */,
				D408958A216CA08A00FFE180 /* NSNumber+FYCategory.h */,
				D408958B216CA08A00FFE180 /* NSNumber+FYCategory.m */,
				D408958D216CA50100FFE180 /* NSArray+FYCategory.h */,
				D408958E216CA50100FFE180 /* NSArray+FYCategory.m */,
				D4089590216CAA3B00FFE180 /* NSDictionary+FYCategory.h */,
				D4089591216CAA3B00FFE180 /* NSDictionary+FYCategory.m */,
				D408957E216C47D800FFE180 /* NSTimer+FYCategory.h */,
				D408957F216C47D800FFE180 /* NSTimer+FYCategory.m */,
			);
			path = Foundation_Category;
			sourceTree = "<group>";
		};
/* End PBXGroup section */

/* Begin PBXNativeTarget section */
		D40376DC205277E9005E9E98 /* FYCategorys */ = {
			isa = PBXNativeTarget;
			buildConfigurationList = D40376F3205277E9005E9E98 /* Build configuration list for PBXNativeTarget "FYCategorys" */;
			buildPhases = (
				D40376D9205277E9005E9E98 /* Sources */,
				D40376DA205277E9005E9E98 /* Frameworks */,
				D40376DB205277E9005E9E98 /* Resources */,
			);
			buildRules = (
			);
			dependencies = (
			);
			name = FYCategorys;
			productName = FYCategorys;
			productReference = D40376DD205277E9005E9E98 /* FYCategorys.app */;
			productType = "com.apple.product-type.application";
		};
/* End PBXNativeTarget section */

/* Begin PBXProject section */
		D40376D5205277E9005E9E98 /* Project object */ = {
			isa = PBXProject;
			attributes = {
				LastUpgradeCheck = 0930;
				ORGANIZATIONNAME = FishYu;
				TargetAttributes = {
					D40376DC205277E9005E9E98 = {
						CreatedOnToolsVersion = 9.2;
						ProvisioningStyle = Automatic;
					};
				};
			};
			buildConfigurationList = D40376D8205277E9005E9E98 /* Build configuration list for PBXProject "FYCategorys" */;
			compatibilityVersion = "Xcode 8.0";
			developmentRegion = en;
			hasScannedForEncodings = 0;
			knownRegions = (
				en,
				Base,
			);
			mainGroup = D40376D4205277E9005E9E98;
			productRefGroup = D40376DE205277E9005E9E98 /* Products */;
			projectDirPath = "";
			projectRoot = "";
			targets = (
				D40376DC205277E9005E9E98 /* FYCategorys */,
			);
		};
/* End PBXProject section */

/* Begin PBXResourcesBuildPhase section */
		D40376DB205277E9005E9E98 /* Resources */ = {
			isa = PBXResourcesBuildPhase;
			buildActionMask = 2147483647;
			files = (
				D40376ED205277E9005E9E98 /* LaunchScreen.storyboard in Resources */,
				D40376EA205277E9005E9E98 /* Assets.xcassets in Resources */,
				D40376E8205277E9005E9E98 /* Main.storyboard in Resources */,
			);
			runOnlyForDeploymentPostprocessing = 0;
		};
/* End PBXResourcesBuildPhase section */

/* Begin PBXSourcesBuildPhase section */
		D40376D9205277E9005E9E98 /* Sources */ = {
			isa = PBXSourcesBuildPhase;
			buildActionMask = 2147483647;
			files = (
				D4089583216C4B5900FFE180 /* UIScrollView+FYCategory.m in Sources */,
				D44A513320941A4700408B4F /* NSData+FYCategory.m in Sources */,
				D4089589216C9F2E00FFE180 /* NSObject+FYCategory.m in Sources */,
				D44A513020941A4700408B4F /* UIImage+FYCategory.m in Sources */,
				D4089586216C4CF000FFE180 /* UIDevice+FYCategory.m in Sources */,
				D40376E5205277E9005E9E98 /* ViewController.m in Sources */,
				D40376F0205277E9005E9E98 /* main.m in Sources */,
				D408958F216CA50100FFE180 /* NSArray+FYCategory.m in Sources */,
				D406FAB921606CB700D171E5 /* UIView+FYCategory.m in Sources */,
				D40376E2205277E9005E9E98 /* AppDelegate.m in Sources */,
				D4089599216D9DA600FFE180 /* FYReachability.m in Sources */,
				D44A513420941A4700408B4F /* NSDate+FYCategory.m in Sources */,
				D408958C216CA08A00FFE180 /* NSNumber+FYCategory.m in Sources */,
				D4089595216D925000FFE180 /* UIColor+FYCategory.m in Sources */,
				D4089580216C47D800FFE180 /* NSTimer+FYCategory.m in Sources */,
				D44A513220941A4700408B4F /* NSString+FYCategory.m in Sources */,
				D44A513120941A4700408B4F /* UINavigationController+FYCategory.m in Sources */,
				D4089592216CAA3B00FFE180 /* NSDictionary+FYCategory.m in Sources */,
				D406FABC21607A3D00D171E5 /* UIApplication+FYCategory.m in Sources */,
			);
			runOnlyForDeploymentPostprocessing = 0;
		};
/* End PBXSourcesBuildPhase section */

/* Begin PBXVariantGroup section */
		D40376E6205277E9005E9E98 /* Main.storyboard */ = {
			isa = PBXVariantGroup;
			children = (
				D40376E7205277E9005E9E98 /* Base */,
			);
			name = Main.storyboard;
			sourceTree = "<group>";
		};
		D40376EB205277E9005E9E98 /* LaunchScreen.storyboard */ = {
			isa = PBXVariantGroup;
			children = (
				D40376EC205277E9005E9E98 /* Base */,
			);
			name = LaunchScreen.storyboard;
			sourceTree = "<group>";
		};
/* End PBXVariantGroup section */

/* Begin XCBuildConfiguration section */
		D40376F1205277E9005E9E98 /* Debug */ = {
			isa = XCBuildConfiguration;
			buildSettings = {
				ALWAYS_SEARCH_USER_PATHS = NO;
				CLANG_ANALYZER_NONNULL = YES;
				CLANG_ANALYZER_NUMBER_OBJECT_CONVERSION = YES_AGGRESSIVE;
				CLANG_CXX_LANGUAGE_STANDARD = "gnu++14";
				CLANG_CXX_LIBRARY = "libc++";
				CLANG_ENABLE_MODULES = YES;
				CLANG_ENABLE_OBJC_ARC = YES;
				CLANG_WARN_BLOCK_CAPTURE_AUTORELEASING = YES;
				CLANG_WARN_BOOL_CONVERSION = YES;
				CLANG_WARN_COMMA = YES;
				CLANG_WARN_CONSTANT_CONVERSION = YES;
				CLANG_WARN_DEPRECATED_OBJC_IMPLEMENTATIONS = YES;
				CLANG_WARN_DIRECT_OBJC_ISA_USAGE = YES_ERROR;
				CLANG_WARN_DOCUMENTATION_COMMENTS = YES;
				CLANG_WARN_EMPTY_BODY = YES;
				CLANG_WARN_ENUM_CONVERSION = YES;
				CLANG_WARN_INFINITE_RECURSION = YES;
				CLANG_WARN_INT_CONVERSION = YES;
				CLANG_WARN_NON_LITERAL_NULL_CONVERSION = YES;
				CLANG_WARN_OBJC_IMPLICIT_RETAIN_SELF = YES;
				CLANG_WARN_OBJC_LITERAL_CONVERSION = YES;
				CLANG_WARN_OBJC_ROOT_CLASS = YES_ERROR;
				CLANG_WARN_RANGE_LOOP_ANALYSIS = YES;
				CLANG_WARN_STRICT_PROTOTYPES = YES;
				CLANG_WARN_SUSPICIOUS_MOVE = YES;
				CLANG_WARN_UNGUARDED_AVAILABILITY = YES_AGGRESSIVE;
				CLANG_WARN_UNREACHABLE_CODE = YES;
				CLANG_WARN__DUPLICATE_METHOD_MATCH = YES;
				CODE_SIGN_IDENTITY = "iPhone Developer";
				COPY_PHASE_STRIP = NO;
				DEBUG_INFORMATION_FORMAT = dwarf;
				ENABLE_STRICT_OBJC_MSGSEND = YES;
				ENABLE_TESTABILITY = YES;
				GCC_C_LANGUAGE_STANDARD = gnu11;
				GCC_DYNAMIC_NO_PIC = NO;
				GCC_NO_COMMON_BLOCKS = YES;
				GCC_OPTIMIZATION_LEVEL = 0;
				GCC_PREPROCESSOR_DEFINITIONS = (
					"DEBUG=1",
					"$(inherited)",
				);
				GCC_WARN_64_TO_32_BIT_CONVERSION = YES;
				GCC_WARN_ABOUT_RETURN_TYPE = YES_ERROR;
				GCC_WARN_UNDECLARED_SELECTOR = YES;
				GCC_WARN_UNINITIALIZED_AUTOS = YES_AGGRESSIVE;
				GCC_WARN_UNUSED_FUNCTION = YES;
				GCC_WARN_UNUSED_VARIABLE = YES;
				IPHONEOS_DEPLOYMENT_TARGET = 11.2;
				MTL_ENABLE_DEBUG_INFO = YES;
				ONLY_ACTIVE_ARCH = YES;
				SDKROOT = iphoneos;
			};
			name = Debug;
		};
		D40376F2205277E9005E9E98 /* Release */ = {
			isa = XCBuildConfiguration;
			buildSettings = {
				ALWAYS_SEARCH_USER_PATHS = NO;
				CLANG_ANALYZER_NONNULL = YES;
				CLANG_ANALYZER_NUMBER_OBJECT_CONVERSION = YES_AGGRESSIVE;
				CLANG_CXX_LANGUAGE_STANDARD = "gnu++14";
				CLANG_CXX_LIBRARY = "libc++";
				CLANG_ENABLE_MODULES = YES;
				CLANG_ENABLE_OBJC_ARC = YES;
				CLANG_WARN_BLOCK_CAPTURE_AUTORELEASING = YES;
				CLANG_WARN_BOOL_CONVERSION = YES;
				CLANG_WARN_COMMA = YES;
				CLANG_WARN_CONSTANT_CONVERSION = YES;
				CLANG_WARN_DEPRECATED_OBJC_IMPLEMENTATIONS = YES;
				CLANG_WARN_DIRECT_OBJC_ISA_USAGE = YES_ERROR;
				CLANG_WARN_DOCUMENTATION_COMMENTS = YES;
				CLANG_WARN_EMPTY_BODY = YES;
				CLANG_WARN_ENUM_CONVERSION = YES;
				CLANG_WARN_INFINITE_RECURSION = YES;
				CLANG_WARN_INT_CONVERSION = YES;
				CLANG_WARN_NON_LITERAL_NULL_CONVERSION = YES;
				CLANG_WARN_OBJC_IMPLICIT_RETAIN_SELF = YES;
				CLANG_WARN_OBJC_LITERAL_CONVERSION = YES;
				CLANG_WARN_OBJC_ROOT_CLASS = YES_ERROR;
				CLANG_WARN_RANGE_LOOP_ANALYSIS = YES;
				CLANG_WARN_STRICT_PROTOTYPES = YES;
				CLANG_WARN_SUSPICIOUS_MOVE = YES;
				CLANG_WARN_UNGUARDED_AVAILABILITY = YES_AGGRESSIVE;
				CLANG_WARN_UNREACHABLE_CODE = YES;
				CLANG_WARN__DUPLICATE_METHOD_MATCH = YES;
				CODE_SIGN_IDENTITY = "iPhone Developer";
				COPY_PHASE_STRIP = NO;
				DEBUG_INFORMATION_FORMAT = "dwarf-with-dsym";
				ENABLE_NS_ASSERTIONS = NO;
				ENABLE_STRICT_OBJC_MSGSEND = YES;
				GCC_C_LANGUAGE_STANDARD = gnu11;
				GCC_NO_COMMON_BLOCKS = YES;
				GCC_WARN_64_TO_32_BIT_CONVERSION = YES;
				GCC_WARN_ABOUT_RETURN_TYPE = YES_ERROR;
				GCC_WARN_UNDECLARED_SELECTOR = YES;
				GCC_WARN_UNINITIALIZED_AUTOS = YES_AGGRESSIVE;
				GCC_WARN_UNUSED_FUNCTION = YES;
				GCC_WARN_UNUSED_VARIABLE = YES;
				IPHONEOS_DEPLOYMENT_TARGET = 11.2;
				MTL_ENABLE_DEBUG_INFO = NO;
				SDKROOT = iphoneos;
				VALIDATE_PRODUCT = YES;
			};
			name = Release;
		};
		D40376F4205277E9005E9E98 /* Debug */ = {
			isa = XCBuildConfiguration;
			buildSettings = {
				ASSETCATALOG_COMPILER_APPICON_NAME = AppIcon;
				CLANG_WARN_DOCUMENTATION_COMMENTS = NO;
				CODE_SIGN_STYLE = Automatic;
				DEVELOPMENT_TEAM = RW2Z4PQ9KK;
				INFOPLIST_FILE = FYCategorys/Info.plist;
				IPHONEOS_DEPLOYMENT_TARGET = 10.0;
				LD_RUNPATH_SEARCH_PATHS = "$(inherited) @executable_path/Frameworks";
				PRODUCT_BUNDLE_IDENTIFIER = FishYu.FYCategorys;
				PRODUCT_NAME = "$(TARGET_NAME)";
				TARGETED_DEVICE_FAMILY = 1;
			};
			name = Debug;
		};
		D40376F5205277E9005E9E98 /* Release */ = {
			isa = XCBuildConfiguration;
			buildSettings = {
				ASSETCATALOG_COMPILER_APPICON_NAME = AppIcon;
				CLANG_WARN_DOCUMENTATION_COMMENTS = NO;
				CODE_SIGN_STYLE = Automatic;
				DEVELOPMENT_TEAM = RW2Z4PQ9KK;
				INFOPLIST_FILE = FYCategorys/Info.plist;
				IPHONEOS_DEPLOYMENT_TARGET = 10.0;
				LD_RUNPATH_SEARCH_PATHS = "$(inherited) @executable_path/Frameworks";
				PRODUCT_BUNDLE_IDENTIFIER = FishYu.FYCategorys;
				PRODUCT_NAME = "$(TARGET_NAME)";
				TARGETED_DEVICE_FAMILY = 1;
			};
			name = Release;
		};
/* End XCBuildConfiguration section */

/* Begin XCConfigurationList section */
		D40376D8205277E9005E9E98 /* Build configuration list for PBXProject "FYCategorys" */ = {
			isa = XCConfigurationList;
			buildConfigurations = (
				D40376F1205277E9005E9E98 /* Debug */,
				D40376F2205277E9005E9E98 /* Release */,
			);
			defaultConfigurationIsVisible = 0;
			defaultConfigurationName = Release;
		};
		D40376F3205277E9005E9E98 /* Build configuration list for PBXNativeTarget "FYCategorys" */ = {
			isa = XCConfigurationList;
			buildConfigurations = (
				D40376F4205277E9005E9E98 /* Debug */,
				D40376F5205277E9005E9E98 /* Release */,
			);
			defaultConfigurationIsVisible = 0;
			defaultConfigurationName = Release;
		};
/* End XCConfigurationList section */
	};
	rootObject = D40376D5205277E9005E9E98 /* Project object */;
}
